
Microsoft Visual Studio Solution File, Format Version 12.00
# Visual Studio Version 17
VisualStudioVersion = 17.10.35013.160
MinimumVisualStudioVersion = 10.0.40219.1
Project("{FAE04EC0-301F-11D3-BF4B-00C04F79EFBC}") = "2320559", "2320559.csproj", "{90DE2016-EE2E-49CB-9C4B-190CF7F9A169}"
EndProject
Global
	GlobalSection(SolutionConfigurationPlatforms) = preSolution
		Debug|Any CPU = Debug|Any CPU
		Release|Any CPU = Release|Any CPU
	EndGlobalSection
	GlobalSection(ProjectConfigurationPlatforms) = postSolution
		{90DE2016-EE2E-49CB-9C4B-190CF7F9A169}.Debug|Any CPU.ActiveCfg = Debug|Any CPU
		{90DE2016-EE2E-49CB-9C4B-190CF7F9A169}.Debug|Any CPU.Build.0 = Debug|Any CPU
		{90DE2016-EE2E-49CB-9C4B-190CF7F9A169}.Debug|Any CPU.Deploy.0 = Debug|Any CPU
		{90DE2016-EE2E-49CB-9C4B-190CF7F9A169}.Release|Any CPU.ActiveCfg = Release|Any CPU
		{90DE2016-EE2E-49CB-9C4B-190CF7F9A169}.Release|Any CPU.Build.0 = Release|Any CPU
		{90DE2016-EE2E-49CB-9C4B-190CF7F9A169}.Release|Any CPU.Deploy.0 = Release|Any CPU
	EndGlobalSection
	GlobalSection(SolutionProperties) = preSolution
		HideSolutionNode = FALSE
	EndGlobalSection
	GlobalSection(ExtensibilityGlobals) = postSolution
		SolutionGuid = {E11A4910-29AE-4302-B4B9-4EEB4AD7DFDC}
	EndGlobalSection
EndGlobal
